
Microsoft Visual Studio Solution File, Format Version 12.00
# Visual Studio Version 16
VisualStudioVersion = 16.0.29424.173
MinimumVisualStudioVersion = 10.0.40219.1
Project("{FAE04EC0-301F-11D3-BF4B-00C04F79EFBC}") = "GenericEventRunner", "GenericEventRunner\GenericEventRunner.csproj", "{4F20200E-71FC-40FB-9E29-571081A50BC2}"
EndProject
Global
	GlobalSection(SolutionConfigurationPlatforms) = preSolution
		Debug|Any CPU = Debug|Any CPU
		Release|Any CPU = Release|Any CPU
	EndGlobalSection
	GlobalSection(ProjectConfigurationPlatforms) = postSolution
		{4F20200E-71FC-40FB-9E29-571081A50BC2}.Debug|Any CPU.ActiveCfg = Debug|Any CPU
		{4F20200E-71FC-40FB-9E29-571081A50BC2}.Debug|Any CPU.Build.0 = Debug|Any CPU
		{4F20200E-71FC-40FB-9E29-571081A50BC2}.Release|Any CPU.ActiveCfg = Release|Any CPU
		{4F20200E-71FC-40FB-9E29-571081A50BC2}.Release|Any CPU.Build.0 = Release|Any CPU
	EndGlobalSection
	GlobalSection(SolutionProperties) = preSolution
		HideSolutionNode = FALSE
	EndGlobalSection
	GlobalSection(ExtensibilityGlobals) = postSolution
		SolutionGuid = {B80DB149-6811-4CA4-87C2-087E9AF5D5BC}
	EndGlobalSection
EndGlobal
